
Microsoft Visual Studio Solution File, Format Version 12.00
# Visual Studio Version 17
VisualStudioVersion = 17.8.34309.116
MinimumVisualStudioVersion = 10.0.40219.1
Project("{FAE04EC0-301F-11D3-BF4B-00C04F79EFBC}") = "API.ECommerceLambda", "API.ECommerceLambda\src\API.ECommerceLambda\API.ECommerceLambda.csproj", "{3B64D706-9507-4045-B853-0EA29313BF54}"
EndProject
Project("{FAE04EC0-301F-11D3-BF4B-00C04F79EFBC}") = "AprovarPedidoLambda", "AprovarPedidoLambda\src\AprovarPedidoLambda\AprovarPedidoLambda.csproj", "{78C9962A-87E6-4225-93C0-D2EC85FD73B8}"
EndProject
Project("{FAE04EC0-301F-11D3-BF4B-00C04F79EFBC}") = "ECommerceLambda.Domain", "ECommerceLambda.Domain\ECommerceLambda.Domain.csproj", "{A041A9DF-55E1-49E7-AAF8-CDEE9E722AE7}"
EndProject
Project("{FAE04EC0-301F-11D3-BF4B-00C04F79EFBC}") = "AprovarPedidoLambda.Testes", "AprovarPedidoLambda.Testes\AprovarPedidoLambda.Testes.csproj", "{5CD52936-1C63-4DD9-8F51-A1C60E64EBBD}"
EndProject
Project("{FAE04EC0-301F-11D3-BF4B-00C04F79EFBC}") = "ProcessarPedidoPago", "ProcessarPedidoPago\src\ProcessarPedidoPago\ProcessarPedidoPago.csproj", "{79656435-4CA4-45B7-9EAA-671543C61421}"
EndProject
Project("{9A19103F-16F7-4668-BE54-9A1E7A4F7556}") = "ProcessarPedidoPago.Tests", "ProcessarPedidoPago\test\ProcessarPedidoPago.Tests\ProcessarPedidoPago.Tests.csproj", "{27A638A2-E0F2-47E0-BD2F-9FFD6CFE080B}"
EndProject
Global
	GlobalSection(SolutionConfigurationPlatforms) = preSolution
		Debug|Any CPU = Debug|Any CPU
		Release|Any CPU = Release|Any CPU
	EndGlobalSection
	GlobalSection(ProjectConfigurationPlatforms) = postSolution
		{3B64D706-9507-4045-B853-0EA29313BF54}.Debug|Any CPU.ActiveCfg = Debug|Any CPU
		{3B64D706-9507-4045-B853-0EA29313BF54}.Debug|Any CPU.Build.0 = Debug|Any CPU
		{3B64D706-9507-4045-B853-0EA29313BF54}.Release|Any CPU.ActiveCfg = Release|Any CPU
		{3B64D706-9507-4045-B853-0EA29313BF54}.Release|Any CPU.Build.0 = Release|Any CPU
		{78C9962A-87E6-4225-93C0-D2EC85FD73B8}.Debug|Any CPU.ActiveCfg = Debug|Any CPU
		{78C9962A-87E6-4225-93C0-D2EC85FD73B8}.Debug|Any CPU.Build.0 = Debug|Any CPU
		{78C9962A-87E6-4225-93C0-D2EC85FD73B8}.Release|Any CPU.ActiveCfg = Release|Any CPU
		{78C9962A-87E6-4225-93C0-D2EC85FD73B8}.Release|Any CPU.Build.0 = Release|Any CPU
		{A041A9DF-55E1-49E7-AAF8-CDEE9E722AE7}.Debug|Any CPU.ActiveCfg = Debug|Any CPU
		{A041A9DF-55E1-49E7-AAF8-CDEE9E722AE7}.Debug|Any CPU.Build.0 = Debug|Any CPU
		{A041A9DF-55E1-49E7-AAF8-CDEE9E722AE7}.Release|Any CPU.ActiveCfg = Release|Any CPU
		{A041A9DF-55E1-49E7-AAF8-CDEE9E722AE7}.Release|Any CPU.Build.0 = Release|Any CPU
		{5CD52936-1C63-4DD9-8F51-A1C60E64EBBD}.Debug|Any CPU.ActiveCfg = Debug|Any CPU
		{5CD52936-1C63-4DD9-8F51-A1C60E64EBBD}.Debug|Any CPU.Build.0 = Debug|Any CPU
		{5CD52936-1C63-4DD9-8F51-A1C60E64EBBD}.Release|Any CPU.ActiveCfg = Release|Any CPU
		{5CD52936-1C63-4DD9-8F51-A1C60E64EBBD}.Release|Any CPU.Build.0 = Release|Any CPU
		{79656435-4CA4-45B7-9EAA-671543C61421}.Debug|Any CPU.ActiveCfg = Debug|Any CPU
		{79656435-4CA4-45B7-9EAA-671543C61421}.Debug|Any CPU.Build.0 = Debug|Any CPU
		{79656435-4CA4-45B7-9EAA-671543C61421}.Release|Any CPU.ActiveCfg = Release|Any CPU
		{79656435-4CA4-45B7-9EAA-671543C61421}.Release|Any CPU.Build.0 = Release|Any CPU
		{27A638A2-E0F2-47E0-BD2F-9FFD6CFE080B}.Debug|Any CPU.ActiveCfg = Debug|Any CPU
		{27A638A2-E0F2-47E0-BD2F-9FFD6CFE080B}.Debug|Any CPU.Build.0 = Debug|Any CPU
		{27A638A2-E0F2-47E0-BD2F-9FFD6CFE080B}.Release|Any CPU.ActiveCfg = Release|Any CPU
		{27A638A2-E0F2-47E0-BD2F-9FFD6CFE080B}.Release|Any CPU.Build.0 = Release|Any CPU
	EndGlobalSection
	GlobalSection(SolutionProperties) = preSolution
		HideSolutionNode = FALSE
	EndGlobalSection
	GlobalSection(ExtensibilityGlobals) = postSolution
		SolutionGuid = {84400345-BD73-46C9-A2FB-2E362A733BBF}
	EndGlobalSection
EndGlobal
